
Microsoft Visual Studio Solution File, Format Version 12.00
# Visual Studio Version 16
VisualStudioVersion = 16.0.29709.97
MinimumVisualStudioVersion = 10.0.40219.1
Project("{FAE04EC0-301F-11D3-BF4B-00C04F79EFBC}") = "MidiAnalyzer", "MidiAnalyzer\MidiAnalyzer.csproj", "{45122D67-5774-46BF-BB3F-A7AA10793274}"
EndProject
Global
	GlobalSection(SolutionConfigurationPlatforms) = preSolution
		Debug|Any CPU = Debug|Any CPU
		Release|Any CPU = Release|Any CPU
	EndGlobalSection
	GlobalSection(ProjectConfigurationPlatforms) = postSolution
		{45122D67-5774-46BF-BB3F-A7AA10793274}.Debug|Any CPU.ActiveCfg = Debug|Any CPU
		{45122D67-5774-46BF-BB3F-A7AA10793274}.Debug|Any CPU.Build.0 = Debug|Any CPU
		{45122D67-5774-46BF-BB3F-A7AA10793274}.Release|Any CPU.ActiveCfg = Release|Any CPU
		{45122D67-5774-46BF-BB3F-A7AA10793274}.Release|Any CPU.Build.0 = Release|Any CPU
	EndGlobalSection
	GlobalSection(SolutionProperties) = preSolution
		HideSolutionNode = FALSE
	EndGlobalSection
	GlobalSection(ExtensibilityGlobals) = postSolution
		SolutionGuid = {2D865CC1-22DD-467B-95B4-6C5F8AD7E203}
	EndGlobalSection
EndGlobal
